
Microsoft Visual Studio Solution File, Format Version 12.00
# Visual Studio Version 16
VisualStudioVersion = 16.0.36422.26
MinimumVisualStudioVersion = 10.0.40219.1
Project("{FAE04EC0-301F-11D3-BF4B-00C04F79EFBC}") = "recycling.Web.UI", "recycling.Web.UI\recycling.Web.UI.csproj", "{6020A636-CD20-4F6D-B0D3-1E9629B04DA5}"
EndProject
Project("{FAE04EC0-301F-11D3-BF4B-00C04F79EFBC}") = "recycling.BLL", "recycling.BLL\recycling.BLL.csproj", "{0E7D980C-A0B6-42C8-A958-5EB24ED8D14A}"
EndProject
Project("{FAE04EC0-301F-11D3-BF4B-00C04F79EFBC}") = "recycling.DAL", "recycling.DAL\recycling.DAL.csproj", "{3BBCB9CC-26F0-4E3F-8535-81A919D03F8E}"
EndProject
Project("{FAE04EC0-301F-11D3-BF4B-00C04F79EFBC}") = "recycling.Model", "recycling.Model\recycling.Model.csproj", "{6DA7DF6C-412A-4297-A76A-30321E6243C0}"
EndProject
Project("{FAE04EC0-301F-11D3-BF4B-00C04F79EFBC}") = "recycling.Common", "recycling.Common\recycling.Common.csproj", "{C76793C6-756E-4C3C-8834-B265A97669C9}"
EndProject
Global
	GlobalSection(SolutionConfigurationPlatforms) = preSolution
		Debug|Any CPU = Debug|Any CPU
		Release|Any CPU = Release|Any CPU
	EndGlobalSection
	GlobalSection(ProjectConfigurationPlatforms) = postSolution
		{6020A636-CD20-4F6D-B0D3-1E9629B04DA5}.Debug|Any CPU.ActiveCfg = Debug|Any CPU
		{6020A636-CD20-4F6D-B0D3-1E9629B04DA5}.Debug|Any CPU.Build.0 = Debug|Any CPU
		{6020A636-CD20-4F6D-B0D3-1E9629B04DA5}.Release|Any CPU.ActiveCfg = Release|Any CPU
		{6020A636-CD20-4F6D-B0D3-1E9629B04DA5}.Release|Any CPU.Build.0 = Release|Any CPU
		{0E7D980C-A0B6-42C8-A958-5EB24ED8D14A}.Debug|Any CPU.ActiveCfg = Debug|Any CPU
		{0E7D980C-A0B6-42C8-A958-5EB24ED8D14A}.Debug|Any CPU.Build.0 = Debug|Any CPU
		{0E7D980C-A0B6-42C8-A958-5EB24ED8D14A}.Release|Any CPU.ActiveCfg = Release|Any CPU
		{0E7D980C-A0B6-42C8-A958-5EB24ED8D14A}.Release|Any CPU.Build.0 = Release|Any CPU
		{3BBCB9CC-26F0-4E3F-8535-81A919D03F8E}.Debug|Any CPU.ActiveCfg = Debug|Any CPU
		{3BBCB9CC-26F0-4E3F-8535-81A919D03F8E}.Debug|Any CPU.Build.0 = Debug|Any CPU
		{3BBCB9CC-26F0-4E3F-8535-81A919D03F8E}.Release|Any CPU.ActiveCfg = Release|Any CPU
		{3BBCB9CC-26F0-4E3F-8535-81A919D03F8E}.Release|Any CPU.Build.0 = Release|Any CPU
		{6DA7DF6C-412A-4297-A76A-30321E6243C0}.Debug|Any CPU.ActiveCfg = Debug|Any CPU
		{6DA7DF6C-412A-4297-A76A-30321E6243C0}.Debug|Any CPU.Build.0 = Debug|Any CPU
		{6DA7DF6C-412A-4297-A76A-30321E6243C0}.Release|Any CPU.ActiveCfg = Release|Any CPU
		{6DA7DF6C-412A-4297-A76A-30321E6243C0}.Release|Any CPU.Build.0 = Release|Any CPU
		{C76793C6-756E-4C3C-8834-B265A97669C9}.Debug|Any CPU.ActiveCfg = Debug|Any CPU
		{C76793C6-756E-4C3C-8834-B265A97669C9}.Debug|Any CPU.Build.0 = Debug|Any CPU
		{C76793C6-756E-4C3C-8834-B265A97669C9}.Release|Any CPU.ActiveCfg = Release|Any CPU
		{C76793C6-756E-4C3C-8834-B265A97669C9}.Release|Any CPU.Build.0 = Release|Any CPU
	EndGlobalSection
	GlobalSection(SolutionProperties) = preSolution
		HideSolutionNode = FALSE
	EndGlobalSection
	GlobalSection(ExtensibilityGlobals) = postSolution
		SolutionGuid = {64B286CB-154D-49FB-AE94-72C814E5254E}
	EndGlobalSection
EndGlobal
